// !$*UTF8*$!
{
	archiveVersion = 1;
	classes = {
	};
	objectVersion = 50;
	objects = {

/* Begin PBXBuildFile section */
		4F36632124CB063900D523BD /* AppDelegate.swift in Sources */ = {isa = PBXBuildFile; fileRef = 4F36632024CB063900D523BD /* AppDelegate.swift */; };
		4F36632324CB063900D523BD /* Download.swift in Sources */ = {isa = PBXBuildFile; fileRef = 4F36632224CB063900D523BD /* Download.swift */; };
		4F36632524CB063C00D523BD /* Assets.xcassets in Resources */ = {isa = PBXBuildFile; fileRef = 4F36632424CB063C00D523BD /* Assets.xcassets */; };
		4F36632824CB063C00D523BD /* Main.storyboard in Resources */ = {isa = PBXBuildFile; fileRef = 4F36632624CB063C00D523BD /* Main.storyboard */; };
		4FACEDF524D1F5AB001DEDCE /* USB.swift in Sources */ = {isa = PBXBuildFile; fileRef = 4FACEDF424D1F5AB001DEDCE /* USB.swift */; };
		4FB5FEE924E807F700E99A61 /* USB Script.scpt in Resources */ = {isa = PBXBuildFile; fileRef = 4FB5FEE824E807F700E99A61 /* USB Script.scpt */; };
/* End PBXBuildFile section */

/* Begin PBXFileReference section */
		4F36631D24CB063900D523BD /* Mac Installers.app */ = {isa = PBXFileReference; explicitFileType = wrapper.application; includeInIndex = 0; path = "Mac Installers.app"; sourceTree = BUILT_PRODUCTS_DIR; };
		4F36632024CB063900D523BD /* AppDelegate.swift */ = {isa = PBXFileReference; lastKnownFileType = sourcecode.swift; path = AppDelegate.swift; sourceTree = "<group>"; };
		4F36632224CB063900D523BD /* Download.swift */ = {isa = PBXFileReference; lastKnownFileType = sourcecode.swift; path = Download.swift; sourceTree = "<group>"; };
		4F36632424CB063C00D523BD /* Assets.xcassets */ = {isa = PBXFileReference; lastKnownFileType = folder.assetcatalog; path = Assets.xcassets; sourceTree = "<group>"; };
		4F36632724CB063C00D523BD /* Base */ = {isa = PBXFileReference; lastKnownFileType = file.storyboard; name = Base; path = Base.lproj/Main.storyboard; sourceTree = "<group>"; };
		4F36632924CB063C00D523BD /* Info.plist */ = {isa = PBXFileReference; lastKnownFileType = text.plist.xml; path = Info.plist; sourceTree = "<group>"; };
		4F36632A24CB063C00D523BD /* Mac_Installers.entitlements */ = {isa = PBXFileReference; lastKnownFileType = text.plist.entitlements; path = Mac_Installers.entitlements; sourceTree = "<group>"; };
		4FACEDF424D1F5AB001DEDCE /* USB.swift */ = {isa = PBXFileReference; lastKnownFileType = sourcecode.swift; path = USB.swift; sourceTree = "<group>"; };
		4FB5FEE824E807F700E99A61 /* USB Script.scpt */ = {isa = PBXFileReference; lastKnownFileType = file; path = "USB Script.scpt"; sourceTree = "<group>"; };
/* End PBXFileReference section */

/* Begin PBXFrameworksBuildPhase section */
		4F36631A24CB063900D523BD /* Frameworks */ = {
			isa = PBXFrameworksBuildPhase;
			buildActionMask = 2147483647;
			files = (
			);
			runOnlyForDeploymentPostprocessing = 0;
		};
/* End PBXFrameworksBuildPhase section */

/* Begin PBXGroup section */
		4F36631424CB063900D523BD = {
			isa = PBXGroup;
			children = (
				4F36631F24CB063900D523BD /* Mac Installers */,
				4F36631E24CB063900D523BD /* Products */,
			);
			sourceTree = "<group>";
		};
		4F36631E24CB063900D523BD /* Products */ = {
			isa = PBXGroup;
			children = (
				4F36631D24CB063900D523BD /* Mac Installers.app */,
			);
			name = Products;
			sourceTree = "<group>";
		};
		4F36631F24CB063900D523BD /* Mac Installers */ = {
			isa = PBXGroup;
			children = (
				4FB5FEE824E807F700E99A61 /* USB Script.scpt */,
				4F36632024CB063900D523BD /* AppDelegate.swift */,
				4F36632224CB063900D523BD /* Download.swift */,
				4FACEDF424D1F5AB001DEDCE /* USB.swift */,
				4F36632424CB063C00D523BD /* Assets.xcassets */,
				4F36632624CB063C00D523BD /* Main.storyboard */,
				4F36632924CB063C00D523BD /* Info.plist */,
				4F36632A24CB063C00D523BD /* Mac_Installers.entitlements */,
			);
			path = "Mac Installers";
			sourceTree = "<group>";
		};
/* End PBXGroup section */

/* Begin PBXNativeTarget section */
		4F36631C24CB063900D523BD /* Mac Installers */ = {
			isa = PBXNativeTarget;
			buildConfigurationList = 4F36632D24CB063C00D523BD /* Build configuration list for PBXNativeTarget "Mac Installers" */;
			buildPhases = (
				4F36631924CB063900D523BD /* Sources */,
				4F36631A24CB063900D523BD /* Frameworks */,
				4F36631B24CB063900D523BD /* Resources */,
			);
			buildRules = (
			);
			dependencies = (
			);
			name = "Mac Installers";
			productName = "Mac Installers";
			productReference = 4F36631D24CB063900D523BD /* Mac Installers.app */;
			productType = "com.apple.product-type.application";
		};
/* End PBXNativeTarget section */

/* Begin PBXProject section */
		4F36631524CB063900D523BD /* Project object */ = {
			isa = PBXProject;
			attributes = {
				LastSwiftUpdateCheck = 1160;
				LastUpgradeCheck = 1200;
				ORGANIZATIONNAME = "Velocity Apps";
				TargetAttributes = {
					4F36631C24CB063900D523BD = {
						CreatedOnToolsVersion = 11.6;
					};
				};
			};
			buildConfigurationList = 4F36631824CB063900D523BD /* Build configuration list for PBXProject "Mac Installers" */;
			compatibilityVersion = "Xcode 9.3";
			developmentRegion = en;
			hasScannedForEncodings = 0;
			knownRegions = (
				en,
				Base,
			);
			mainGroup = 4F36631424CB063900D523BD;
			productRefGroup = 4F36631E24CB063900D523BD /* Products */;
			projectDirPath = "";
			projectRoot = "";
			targets = (
				4F36631C24CB063900D523BD /* Mac Installers */,
			);
		};
/* End PBXProject section */

/* Begin PBXResourcesBuildPhase section */
		4F36631B24CB063900D523BD /* Resources */ = {
			isa = PBXResourcesBuildPhase;
			buildActionMask = 2147483647;
			files = (
				4F36632524CB063C00D523BD /* Assets.xcassets in Resources */,
				4F36632824CB063C00D523BD /* Main.storyboard in Resources */,
				4FB5FEE924E807F700E99A61 /* USB Script.scpt in Resources */,
			);
			runOnlyForDeploymentPostprocessing = 0;
		};
/* End PBXResourcesBuildPhase section */

/* Begin PBXSourcesBuildPhase section */
		4F36631924CB063900D523BD /* Sources */ = {
			isa = PBXSourcesBuildPhase;
			buildActionMask = 2147483647;
			files = (
				4F36632324CB063900D523BD /* Download.swift in Sources */,
				4F36632124CB063900D523BD /* AppDelegate.swift in Sources */,
				4FACEDF524D1F5AB001DEDCE /* USB.swift in Sources */,
			);
			runOnlyForDeploymentPostprocessing = 0;
		};
/* End PBXSourcesBuildPhase section */

/* Begin PBXVariantGroup section */
		4F36632624CB063C00D523BD /* Main.storyboard */ = {
			isa = PBXVariantGroup;
			children = (
				4F36632724CB063C00D523BD /* Base */,
			);
			name = Main.storyboard;
			sourceTree = "<group>";
		};
/* End PBXVariantGroup section */

/* Begin XCBuildConfiguration section */
		4F36632B24CB063C00D523BD /* Debug */ = {
			isa = XCBuildConfiguration;
			buildSettings = {
				ALWAYS_SEARCH_USER_PATHS = NO;
				CLANG_ANALYZER_NONNULL = YES;
				CLANG_ANALYZER_NUMBER_OBJECT_CONVERSION = YES_AGGRESSIVE;
				CLANG_CXX_LANGUAGE_STANDARD = "gnu++14";
				CLANG_CXX_LIBRARY = "libc++";
				CLANG_ENABLE_MODULES = YES;
				CLANG_ENABLE_OBJC_ARC = YES;
				CLANG_ENABLE_OBJC_WEAK = YES;
				CLANG_WARN_BLOCK_CAPTURE_AUTORELEASING = YES;
				CLANG_WARN_BOOL_CONVERSION = YES;
				CLANG_WARN_COMMA = YES;
				CLANG_WARN_CONSTANT_CONVERSION = YES;
				CLANG_WARN_DEPRECATED_OBJC_IMPLEMENTATIONS = YES;
				CLANG_WARN_DIRECT_OBJC_ISA_USAGE = YES_ERROR;
				CLANG_WARN_DOCUMENTATION_COMMENTS = YES;
				CLANG_WARN_EMPTY_BODY = YES;
				CLANG_WARN_ENUM_CONVERSION = YES;
				CLANG_WARN_INFINITE_RECURSION = YES;
				CLANG_WARN_INT_CONVERSION = YES;
				CLANG_WARN_NON_LITERAL_NULL_CONVERSION = YES;
				CLANG_WARN_OBJC_IMPLICIT_RETAIN_SELF = YES;
				CLANG_WARN_OBJC_LITERAL_CONVERSION = YES;
				CLANG_WARN_OBJC_ROOT_CLASS = YES_ERROR;
				CLANG_WARN_QUOTED_INCLUDE_IN_FRAMEWORK_HEADER = YES;
				CLANG_WARN_RANGE_LOOP_ANALYSIS = YES;
				CLANG_WARN_STRICT_PROTOTYPES = YES;
				CLANG_WARN_SUSPICIOUS_MOVE = YES;
				CLANG_WARN_UNGUARDED_AVAILABILITY = YES_AGGRESSIVE;
				CLANG_WARN_UNREACHABLE_CODE = YES;
				CLANG_WARN__DUPLICATE_METHOD_MATCH = YES;
				COPY_PHASE_STRIP = NO;
				DEBUG_INFORMATION_FORMAT = dwarf;
				ENABLE_STRICT_OBJC_MSGSEND = YES;
				ENABLE_TESTABILITY = YES;
				GCC_C_LANGUAGE_STANDARD = gnu11;
				GCC_DYNAMIC_NO_PIC = NO;
				GCC_NO_COMMON_BLOCKS = YES;
				GCC_OPTIMIZATION_LEVEL = 0;
				GCC_PREPROCESSOR_DEFINITIONS = (
					"DEBUG=1",
					"$(inherited)",
				);
				GCC_WARN_64_TO_32_BIT_CONVERSION = YES;
				GCC_WARN_ABOUT_RETURN_TYPE = YES_ERROR;
				GCC_WARN_UNDECLARED_SELECTOR = YES;
				GCC_WARN_UNINITIALIZED_AUTOS = YES_AGGRESSIVE;
				GCC_WARN_UNUSED_FUNCTION = YES;
				GCC_WARN_UNUSED_VARIABLE = YES;
				MACOSX_DEPLOYMENT_TARGET = 10.15;
				MTL_ENABLE_DEBUG_INFO = INCLUDE_SOURCE;
				MTL_FAST_MATH = YES;
				ONLY_ACTIVE_ARCH = YES;
				SDKROOT = macosx;
				SWIFT_ACTIVE_COMPILATION_CONDITIONS = DEBUG;
				SWIFT_OPTIMIZATION_LEVEL = "-Onone";
			};
			name = Debug;
		};
		4F36632C24CB063C00D523BD /* Release */ = {
			isa = XCBuildConfiguration;
			buildSettings = {
				ALWAYS_SEARCH_USER_PATHS = NO;
				CLANG_ANALYZER_NONNULL = YES;
				CLANG_ANALYZER_NUMBER_OBJECT_CONVERSION = YES_AGGRESSIVE;
				CLANG_CXX_LANGUAGE_STANDARD = "gnu++14";
				CLANG_CXX_LIBRARY = "libc++";
				CLANG_ENABLE_MODULES = YES;
				CLANG_ENABLE_OBJC_ARC = YES;
				CLANG_ENABLE_OBJC_WEAK = YES;
				CLANG_WARN_BLOCK_CAPTURE_AUTORELEASING = YES;
				CLANG_WARN_BOOL_CONVERSION = YES;
				CLANG_WARN_COMMA = YES;
				CLANG_WARN_CONSTANT_CONVERSION = YES;
				CLANG_WARN_DEPRECATED_OBJC_IMPLEMENTATIONS = YES;
				CLANG_WARN_DIRECT_OBJC_ISA_USAGE = YES_ERROR;
				CLANG_WARN_DOCUMENTATION_COMMENTS = YES;
				CLANG_WARN_EMPTY_BODY = YES;
				CLANG_WARN_ENUM_CONVERSION = YES;
				CLANG_WARN_INFINITE_RECURSION = YES;
				CLANG_WARN_INT_CONVERSION = YES;
				CLANG_WARN_NON_LITERAL_NULL_CONVERSION = YES;
				CLANG_WARN_OBJC_IMPLICIT_RETAIN_SELF = YES;
				CLANG_WARN_OBJC_LITERAL_CONVERSION = YES;
				CLANG_WARN_OBJC_ROOT_CLASS = YES_ERROR;
				CLANG_WARN_QUOTED_INCLUDE_IN_FRAMEWORK_HEADER = YES;
				CLANG_WARN_RANGE_LOOP_ANALYSIS = YES;
				CLANG_WARN_STRICT_PROTOTYPES = YES;
				CLANG_WARN_SUSPICIOUS_MOVE = YES;
				CLANG_WARN_UNGUARDED_AVAILABILITY = YES_AGGRESSIVE;
				CLANG_WARN_UNREACHABLE_CODE = YES;
				CLANG_WARN__DUPLICATE_METHOD_MATCH = YES;
				COPY_PHASE_STRIP = NO;
				DEBUG_INFORMATION_FORMAT = "dwarf-with-dsym";
				ENABLE_NS_ASSERTIONS = NO;
				ENABLE_STRICT_OBJC_MSGSEND = YES;
				GCC_C_LANGUAGE_STANDARD = gnu11;
				GCC_NO_COMMON_BLOCKS = YES;
				GCC_WARN_64_TO_32_BIT_CONVERSION = YES;
				GCC_WARN_ABOUT_RETURN_TYPE = YES_ERROR;
				GCC_WARN_UNDECLARED_SELECTOR = YES;
				GCC_WARN_UNINITIALIZED_AUTOS = YES_AGGRESSIVE;
				GCC_WARN_UNUSED_FUNCTION = YES;
				GCC_WARN_UNUSED_VARIABLE = YES;
				MACOSX_DEPLOYMENT_TARGET = 10.15;
				MTL_ENABLE_DEBUG_INFO = NO;
				MTL_FAST_MATH = YES;
				SDKROOT = macosx;
				SWIFT_COMPILATION_MODE = wholemodule;
				SWIFT_OPTIMIZATION_LEVEL = "-O";
			};
			name = Release;
		};
		4F36632E24CB063C00D523BD /* Debug */ = {
			isa = XCBuildConfiguration;
			buildSettings = {
				ASSETCATALOG_COMPILER_APPICON_NAME = AppIcon;
				CODE_SIGN_ENTITLEMENTS = "Mac Installers/Mac_Installers.entitlements";
				CODE_SIGN_IDENTITY = "-";
				CODE_SIGN_STYLE = Automatic;
				COMBINE_HIDPI_IMAGES = YES;
				DEVELOPMENT_TEAM = TAZG5QA452;
				ENABLE_HARDENED_RUNTIME = YES;
				INFOPLIST_FILE = "Mac Installers/Info.plist";
				LD_RUNPATH_SEARCH_PATHS = (
					"$(inherited)",
					"@executable_path/../Frameworks",
				);
				MACOSX_DEPLOYMENT_TARGET = 10.13;
				PRODUCT_BUNDLE_IDENTIFIER = "VelocityApps.Mac-Installers";
				PRODUCT_NAME = "$(TARGET_NAME)";
				SWIFT_VERSION = 5.0;
			};
			name = Debug;
		};
		4F36632F24CB063C00D523BD /* Release */ = {
			isa = XCBuildConfiguration;
			buildSettings = {
				ASSETCATALOG_COMPILER_APPICON_NAME = AppIcon;
				CODE_SIGN_ENTITLEMENTS = "Mac Installers/Mac_Installers.entitlements";
				CODE_SIGN_IDENTITY = "-";
				CODE_SIGN_STYLE = Automatic;
				COMBINE_HIDPI_IMAGES = YES;
				DEVELOPMENT_TEAM = TAZG5QA452;
				ENABLE_HARDENED_RUNTIME = YES;
				INFOPLIST_FILE = "Mac Installers/Info.plist";
				LD_RUNPATH_SEARCH_PATHS = (
					"$(inherited)",
					"@executable_path/../Frameworks",
				);
				MACOSX_DEPLOYMENT_TARGET = 10.13;
				PRODUCT_BUNDLE_IDENTIFIER = "VelocityApps.Mac-Installers";
				PRODUCT_NAME = "$(TARGET_NAME)";
				SWIFT_VERSION = 5.0;
			};
			name = Release;
		};
/* End XCBuildConfiguration section */

/* Begin XCConfigurationList section */
		4F36631824CB063900D523BD /* Build configuration list for PBXProject "Mac Installers" */ = {
			isa = XCConfigurationList;
			buildConfigurations = (
				4F36632B24CB063C00D523BD /* Debug */,
				4F36632C24CB063C00D523BD /* Release */,
			);
			defaultConfigurationIsVisible = 0;
			defaultConfigurationName = Release;
		};
		4F36632D24CB063C00D523BD /* Build configuration list for PBXNativeTarget "Mac Installers" */ = {
			isa = XCConfigurationList;
			buildConfigurations = (
				4F36632E24CB063C00D523BD /* Debug */,
				4F36632F24CB063C00D523BD /* Release */,
			);
			defaultConfigurationIsVisible = 0;
			defaultConfigurationName = Release;
		};
/* End XCConfigurationList section */
	};
	rootObject = 4F36631524CB063900D523BD /* Project object */;
}
